{
  "name": "oop_task",
  "version": "1.0.0",
  "lockfileVersion": 2,
  "requires": true,
  "packages": {
    "": {
      "name": "oop_task",
      "version": "1.0.0",
      "license": "ISC",
      "dependencies": {
        "font-awesome": "^4.7.0",
        "jquery": "^3.6.0",
        "jquery-awesome-cursor": "^0.3.1"
      }
    },
    "node_modules/font-awesome": {
      "version": "4.7.0",
      "resolved": "https://registry.npmjs.org/font-awesome/-/font-awesome-4.7.0.tgz",
      "integrity": "sha1-j6jPBBGhoxr9B7BtKQK7n8gVoTM=",
      "engines": {
        "node": ">=0.10.3"
      }
    },
    "node_modules/jquery": {
      "version": "3.6.0",
      "resolved": "https://registry.npmjs.org/jquery/-/jquery-3.6.0.tgz",
      "integrity": "sha512-JVzAR/AjBvVt2BmYhxRCSYysDsPcssdmTFnzyLEts9qNwmjmu4JTAMYubEfwVOSwpQ1I1sKKFcxhZCI2buerfw=="
    },
    "node_modules/jquery-awesome-cursor": {
      "version": "0.3.1",
      "resolved": "https://registry.npmjs.org/jquery-awesome-cursor/-/jquery-awesome-cursor-0.3.1.tgz",
      "integrity": "sha1-1pcaMrRiRhC868rAkDsAFWHQXso=",
      "engines": {
        "node": ">=0.10.0"
      },
      "optionalDependencies": {
        "font-awesome": "4.x"
      },
      "peerDependencies": {
        "jquery": "2.x"
      }
    }
  },
  "dependencies": {
    "font-awesome": {
      "version": "4.7.0",
      "resolved": "https://registry.npmjs.org/font-awesome/-/font-awesome-4.7.0.tgz",
      "integrity": "sha1-j6jPBBGhoxr9B7BtKQK7n8gVoTM="
    },
    "jquery": {
      "version": "3.6.0",
      "resolved": "https://registry.npmjs.org/jquery/-/jquery-3.6.0.tgz",
      "integrity": "sha512-JVzAR/AjBvVt2BmYhxRCSYysDsPcssdmTFnzyLEts9qNwmjmu4JTAMYubEfwVOSwpQ1I1sKKFcxhZCI2buerfw=="
    },
    "jquery-awesome-cursor": {
      "version": "0.3.1",
      "resolved": "https://registry.npmjs.org/jquery-awesome-cursor/-/jquery-awesome-cursor-0.3.1.tgz",
      "integrity": "sha1-1pcaMrRiRhC868rAkDsAFWHQXso=",
      "requires": {
        "font-awesome": "4.x"
      }
    }
  }
}
